
Microsoft Visual Studio Solution File, Format Version 12.00
# Visual Studio Version 16
VisualStudioVersion = 16.0.32602.291
MinimumVisualStudioVersion = 10.0.40219.1
Project("{FAE04EC0-301F-11D3-BF4B-00C04F79EFBC}") = "KampIntro", "KampIntro\KampIntro.csproj", "{2F1F2ED6-1336-4544-A714-735ED0B5A395}"
EndProject
Project("{FAE04EC0-301F-11D3-BF4B-00C04F79EFBC}") = "Donguler", "Donguler\Donguler.csproj", "{FF0A7548-4D7B-40A2-BA41-6636AD0F69D3}"
EndProject
Project("{FAE04EC0-301F-11D3-BF4B-00C04F79EFBC}") = "ClassIntro", "ClassIntro\ClassIntro.csproj", "{A49CADD2-40FC-46F1-B1BC-4B23051A5ECF}"
EndProject
Project("{FAE04EC0-301F-11D3-BF4B-00C04F79EFBC}") = "Metotlar", "Metotlar\Metotlar.csproj", "{D31553F8-7768-4C11-8B44-311B76752E0F}"
EndProject
Project("{FAE04EC0-301F-11D3-BF4B-00C04F79EFBC}") = "Matematik", "Matematik\Matematik.csproj", "{3A90D02D-296C-4CF0-82A4-36F52BD3DCA3}"
EndProject
Project("{FAE04EC0-301F-11D3-BF4B-00C04F79EFBC}") = "ClassMetotDemo", "ClassMetotDemo\ClassMetotDemo.csproj", "{E0BFC526-6780-4C0E-811E-A3F1B5B7F15B}"
EndProject
Project("{FAE04EC0-301F-11D3-BF4B-00C04F79EFBC}") = "OOP1", "OOP1\OOP1.csproj", "{D3A50802-4083-4723-9B1D-308EA0E1919F}"
EndProject
Global
	GlobalSection(SolutionConfigurationPlatforms) = preSolution
		Debug|Any CPU = Debug|Any CPU
		Release|Any CPU = Release|Any CPU
	EndGlobalSection
	GlobalSection(ProjectConfigurationPlatforms) = postSolution
		{2F1F2ED6-1336-4544-A714-735ED0B5A395}.Debug|Any CPU.ActiveCfg = Debug|Any CPU
		{2F1F2ED6-1336-4544-A714-735ED0B5A395}.Debug|Any CPU.Build.0 = Debug|Any CPU
		{2F1F2ED6-1336-4544-A714-735ED0B5A395}.Release|Any CPU.ActiveCfg = Release|Any CPU
		{2F1F2ED6-1336-4544-A714-735ED0B5A395}.Release|Any CPU.Build.0 = Release|Any CPU
		{FF0A7548-4D7B-40A2-BA41-6636AD0F69D3}.Debug|Any CPU.ActiveCfg = Debug|Any CPU
		{FF0A7548-4D7B-40A2-BA41-6636AD0F69D3}.Debug|Any CPU.Build.0 = Debug|Any CPU
		{FF0A7548-4D7B-40A2-BA41-6636AD0F69D3}.Release|Any CPU.ActiveCfg = Release|Any CPU
		{FF0A7548-4D7B-40A2-BA41-6636AD0F69D3}.Release|Any CPU.Build.0 = Release|Any CPU
		{A49CADD2-40FC-46F1-B1BC-4B23051A5ECF}.Debug|Any CPU.ActiveCfg = Debug|Any CPU
		{A49CADD2-40FC-46F1-B1BC-4B23051A5ECF}.Debug|Any CPU.Build.0 = Debug|Any CPU
		{A49CADD2-40FC-46F1-B1BC-4B23051A5ECF}.Release|Any CPU.ActiveCfg = Release|Any CPU
		{A49CADD2-40FC-46F1-B1BC-4B23051A5ECF}.Release|Any CPU.Build.0 = Release|Any CPU
		{D31553F8-7768-4C11-8B44-311B76752E0F}.Debug|Any CPU.ActiveCfg = Debug|Any CPU
		{D31553F8-7768-4C11-8B44-311B76752E0F}.Debug|Any CPU.Build.0 = Debug|Any CPU
		{D31553F8-7768-4C11-8B44-311B76752E0F}.Release|Any CPU.ActiveCfg = Release|Any CPU
		{D31553F8-7768-4C11-8B44-311B76752E0F}.Release|Any CPU.Build.0 = Release|Any CPU
		{3A90D02D-296C-4CF0-82A4-36F52BD3DCA3}.Debug|Any CPU.ActiveCfg = Debug|Any CPU
		{3A90D02D-296C-4CF0-82A4-36F52BD3DCA3}.Debug|Any CPU.Build.0 = Debug|Any CPU
		{3A90D02D-296C-4CF0-82A4-36F52BD3DCA3}.Release|Any CPU.ActiveCfg = Release|Any CPU
		{3A90D02D-296C-4CF0-82A4-36F52BD3DCA3}.Release|Any CPU.Build.0 = Release|Any CPU
		{E0BFC526-6780-4C0E-811E-A3F1B5B7F15B}.Debug|Any CPU.ActiveCfg = Debug|Any CPU
		{E0BFC526-6780-4C0E-811E-A3F1B5B7F15B}.Debug|Any CPU.Build.0 = Debug|Any CPU
		{E0BFC526-6780-4C0E-811E-A3F1B5B7F15B}.Release|Any CPU.ActiveCfg = Release|Any CPU
		{E0BFC526-6780-4C0E-811E-A3F1B5B7F15B}.Release|Any CPU.Build.0 = Release|Any CPU
		{D3A50802-4083-4723-9B1D-308EA0E1919F}.Debug|Any CPU.ActiveCfg = Debug|Any CPU
		{D3A50802-4083-4723-9B1D-308EA0E1919F}.Debug|Any CPU.Build.0 = Debug|Any CPU
		{D3A50802-4083-4723-9B1D-308EA0E1919F}.Release|Any CPU.ActiveCfg = Release|Any CPU
		{D3A50802-4083-4723-9B1D-308EA0E1919F}.Release|Any CPU.Build.0 = Release|Any CPU
	EndGlobalSection
	GlobalSection(SolutionProperties) = preSolution
		HideSolutionNode = FALSE
	EndGlobalSection
	GlobalSection(ExtensibilityGlobals) = postSolution
		SolutionGuid = {90C1E852-0618-4BF4-B851-DE32115B5D05}
	EndGlobalSection
EndGlobal
